// !$*UTF8*$!
{
	archiveVersion = 1;
	classes = {
	};
	objectVersion = 46;
	objects = {

/* Begin PBXBuildFile section */
		A7B527391C90F7B100C3B428 /* AppDelegate.swift in Sources */ = {isa = PBXBuildFile; fileRef = A7B527381C90F7B100C3B428 /* AppDelegate.swift */; };
		A7B5273B1C90F7B100C3B428 /* ViewController.swift in Sources */ = {isa = PBXBuildFile; fileRef = A7B5273A1C90F7B100C3B428 /* ViewController.swift */; };
		A7B5273E1C90F7B100C3B428 /* Main.storyboard in Resources */ = {isa = PBXBuildFile; fileRef = A7B5273C1C90F7B100C3B428 /* Main.storyboard */; };
		A7B527401C90F7B100C3B428 /* Assets.xcassets in Resources */ = {isa = PBXBuildFile; fileRef = A7B5273F1C90F7B100C3B428 /* Assets.xcassets */; };
		A7B527431C90F7B100C3B428 /* LaunchScreen.storyboard in Resources */ = {isa = PBXBuildFile; fileRef = A7B527411C90F7B100C3B428 /* LaunchScreen.storyboard */; };
		A7B5274B1C9118B100C3B428 /* DragImg.swift in Sources */ = {isa = PBXBuildFile; fileRef = A7B5274A1C9118B100C3B428 /* DragImg.swift */; };
/* End PBXBuildFile section */

/* Begin PBXFileReference section */
		A7B527351C90F7B100C3B428 /* little-monster-app.app */ = {isa = PBXFileReference; explicitFileType = wrapper.application; includeInIndex = 0; path = "little-monster-app.app"; sourceTree = BUILT_PRODUCTS_DIR; };
		A7B527381C90F7B100C3B428 /* AppDelegate.swift */ = {isa = PBXFileReference; lastKnownFileType = sourcecode.swift; path = AppDelegate.swift; sourceTree = "<group>"; };
		A7B5273A1C90F7B100C3B428 /* ViewController.swift */ = {isa = PBXFileReference; lastKnownFileType = sourcecode.swift; path = ViewController.swift; sourceTree = "<group>"; };
		A7B5273D1C90F7B100C3B428 /* Base */ = {isa = PBXFileReference; lastKnownFileType = file.storyboard; name = Base; path = Base.lproj/Main.storyboard; sourceTree = "<group>"; };
		A7B5273F1C90F7B100C3B428 /* Assets.xcassets */ = {isa = PBXFileReference; lastKnownFileType = folder.assetcatalog; path = Assets.xcassets; sourceTree = "<group>"; };
		A7B527421C90F7B100C3B428 /* Base */ = {isa = PBXFileReference; lastKnownFileType = file.storyboard; name = Base; path = Base.lproj/LaunchScreen.storyboard; sourceTree = "<group>"; };
		A7B527441C90F7B100C3B428 /* Info.plist */ = {isa = PBXFileReference; lastKnownFileType = text.plist.xml; path = Info.plist; sourceTree = "<group>"; };
		A7B5274A1C9118B100C3B428 /* DragImg.swift */ = {isa = PBXFileReference; fileEncoding = 4; lastKnownFileType = sourcecode.swift; path = DragImg.swift; sourceTree = "<group>"; };
/* End PBXFileReference section */

/* Begin PBXFrameworksBuildPhase section */
		A7B527321C90F7B100C3B428 /* Frameworks */ = {
			isa = PBXFrameworksBuildPhase;
			buildActionMask = 2147483647;
			files = (
			);
			runOnlyForDeploymentPostprocessing = 0;
		};
/* End PBXFrameworksBuildPhase section */

/* Begin PBXGroup section */
		A7B5272C1C90F7B100C3B428 = {
			isa = PBXGroup;
			children = (
				A7B527371C90F7B100C3B428 /* little-monster-app */,
				A7B527361C90F7B100C3B428 /* Products */,
			);
			sourceTree = "<group>";
		};
		A7B527361C90F7B100C3B428 /* Products */ = {
			isa = PBXGroup;
			children = (
				A7B527351C90F7B100C3B428 /* little-monster-app.app */,
			);
			name = Products;
			sourceTree = "<group>";
		};
		A7B527371C90F7B100C3B428 /* little-monster-app */ = {
			isa = PBXGroup;
			children = (
				A7B527381C90F7B100C3B428 /* AppDelegate.swift */,
				A7B5273A1C90F7B100C3B428 /* ViewController.swift */,
				A7B5274A1C9118B100C3B428 /* DragImg.swift */,
				A7B5273C1C90F7B100C3B428 /* Main.storyboard */,
				A7B5273F1C90F7B100C3B428 /* Assets.xcassets */,
				A7B527411C90F7B100C3B428 /* LaunchScreen.storyboard */,
				A7B527441C90F7B100C3B428 /* Info.plist */,
			);
			path = "little-monster-app";
			sourceTree = "<group>";
		};
/* End PBXGroup section */

/* Begin PBXNativeTarget section */
		A7B527341C90F7B100C3B428 /* little-monster-app */ = {
			isa = PBXNativeTarget;
			buildConfigurationList = A7B527471C90F7B100C3B428 /* Build configuration list for PBXNativeTarget "little-monster-app" */;
			buildPhases = (
				A7B527311C90F7B100C3B428 /* Sources */,
				A7B527321C90F7B100C3B428 /* Frameworks */,
				A7B527331C90F7B100C3B428 /* Resources */,
			);
			buildRules = (
			);
			dependencies = (
			);
			name = "little-monster-app";
			productName = "little-monster-app";
			productReference = A7B527351C90F7B100C3B428 /* little-monster-app.app */;
			productType = "com.apple.product-type.application";
		};
/* End PBXNativeTarget section */

/* Begin PBXProject section */
		A7B5272D1C90F7B100C3B428 /* Project object */ = {
			isa = PBXProject;
			attributes = {
				LastSwiftUpdateCheck = 0720;
				LastUpgradeCheck = 0720;
				ORGANIZATIONNAME = "Ben Makusha";
				TargetAttributes = {
					A7B527341C90F7B100C3B428 = {
						CreatedOnToolsVersion = 7.2.1;
						DevelopmentTeam = X9S97S4N54;
					};
				};
			};
			buildConfigurationList = A7B527301C90F7B100C3B428 /* Build configuration list for PBXProject "little-monster-app" */;
			compatibilityVersion = "Xcode 3.2";
			developmentRegion = English;
			hasScannedForEncodings = 0;
			knownRegions = (
				en,
				Base,
			);
			mainGroup = A7B5272C1C90F7B100C3B428;
			productRefGroup = A7B527361C90F7B100C3B428 /* Products */;
			projectDirPath = "";
			projectRoot = "";
			targets = (
				A7B527341C90F7B100C3B428 /* little-monster-app */,
			);
		};
/* End PBXProject section */

/* Begin PBXResourcesBuildPhase section */
		A7B527331C90F7B100C3B428 /* Resources */ = {
			isa = PBXResourcesBuildPhase;
			buildActionMask = 2147483647;
			files = (
				A7B527431C90F7B100C3B428 /* LaunchScreen.storyboard in Resources */,
				A7B527401C90F7B100C3B428 /* Assets.xcassets in Resources */,
				A7B5273E1C90F7B100C3B428 /* Main.storyboard in Resources */,
			);
			runOnlyForDeploymentPostprocessing = 0;
		};
/* End PBXResourcesBuildPhase section */

/* Begin PBXSourcesBuildPhase section */
		A7B527311C90F7B100C3B428 /* Sources */ = {
			isa = PBXSourcesBuildPhase;
			buildActionMask = 2147483647;
			files = (
				A7B5274B1C9118B100C3B428 /* DragImg.swift in Sources */,
				A7B5273B1C90F7B100C3B428 /* ViewController.swift in Sources */,
				A7B527391C90F7B100C3B428 /* AppDelegate.swift in Sources */,
			);
			runOnlyForDeploymentPostprocessing = 0;
		};
/* End PBXSourcesBuildPhase section */

/* Begin PBXVariantGroup section */
		A7B5273C1C90F7B100C3B428 /* Main.storyboard */ = {
			isa = PBXVariantGroup;
			children = (
				A7B5273D1C90F7B100C3B428 /* Base */,
			);
			name = Main.storyboard;
			sourceTree = "<group>";
		};
		A7B527411C90F7B100C3B428 /* LaunchScreen.storyboard */ = {
			isa = PBXVariantGroup;
			children = (
				A7B527421C90F7B100C3B428 /* Base */,
			);
			name = LaunchScreen.storyboard;
			sourceTree = "<group>";
		};
/* End PBXVariantGroup section */

/* Begin XCBuildConfiguration section */
		A7B527451C90F7B100C3B428 /* Debug */ = {
			isa = XCBuildConfiguration;
			buildSettings = {
				ALWAYS_SEARCH_USER_PATHS = NO;
				CLANG_CXX_LANGUAGE_STANDARD = "gnu++0x";
				CLANG_CXX_LIBRARY = "libc++";
				CLANG_ENABLE_MODULES = YES;
				CLANG_ENABLE_OBJC_ARC = YES;
				CLANG_WARN_BOOL_CONVERSION = YES;
				CLANG_WARN_CONSTANT_CONVERSION = YES;
				CLANG_WARN_DIRECT_OBJC_ISA_USAGE = YES_ERROR;
				CLANG_WARN_EMPTY_BODY = YES;
				CLANG_WARN_ENUM_CONVERSION = YES;
				CLANG_WARN_INT_CONVERSION = YES;
				CLANG_WARN_OBJC_ROOT_CLASS = YES_ERROR;
				CLANG_WARN_UNREACHABLE_CODE = YES;
				CLANG_WARN__DUPLICATE_METHOD_MATCH = YES;
				"CODE_SIGN_IDENTITY[sdk=iphoneos*]" = "iPhone Developer";
				COPY_PHASE_STRIP = NO;
				DEBUG_INFORMATION_FORMAT = dwarf;
				ENABLE_STRICT_OBJC_MSGSEND = YES;
				ENABLE_TESTABILITY = YES;
				GCC_C_LANGUAGE_STANDARD = gnu99;
				GCC_DYNAMIC_NO_PIC = NO;
				GCC_NO_COMMON_BLOCKS = YES;
				GCC_OPTIMIZATION_LEVEL = 0;
				GCC_PREPROCESSOR_DEFINITIONS = (
					"DEBUG=1",
					"$(inherited)",
				);
				GCC_WARN_64_TO_32_BIT_CONVERSION = YES;
				GCC_WARN_ABOUT_RETURN_TYPE = YES_ERROR;
				GCC_WARN_UNDECLARED_SELECTOR = YES;
				GCC_WARN_UNINITIALIZED_AUTOS = YES_AGGRESSIVE;
				GCC_WARN_UNUSED_FUNCTION = YES;
				GCC_WARN_UNUSED_VARIABLE = YES;
				IPHONEOS_DEPLOYMENT_TARGET = 9.2;
				MTL_ENABLE_DEBUG_INFO = YES;
				ONLY_ACTIVE_ARCH = YES;
				SDKROOT = iphoneos;
				SWIFT_OPTIMIZATION_LEVEL = "-Onone";
				TARGETED_DEVICE_FAMILY = "1,2";
			};
			name = Debug;
		};
		A7B527461C90F7B100C3B428 /* Release */ = {
			isa = XCBuildConfiguration;
			buildSettings = {
				ALWAYS_SEARCH_USER_PATHS = NO;
				CLANG_CXX_LANGUAGE_STANDARD = "gnu++0x";
				CLANG_CXX_LIBRARY = "libc++";
				CLANG_ENABLE_MODULES = YES;
				CLANG_ENABLE_OBJC_ARC = YES;
				CLANG_WARN_BOOL_CONVERSION = YES;
				CLANG_WARN_CONSTANT_CONVERSION = YES;
				CLANG_WARN_DIRECT_OBJC_ISA_USAGE = YES_ERROR;
				CLANG_WARN_EMPTY_BODY = YES;
				CLANG_WARN_ENUM_CONVERSION = YES;
				CLANG_WARN_INT_CONVERSION = YES;
				CLANG_WARN_OBJC_ROOT_CLASS = YES_ERROR;
				CLANG_WARN_UNREACHABLE_CODE = YES;
				CLANG_WARN__DUPLICATE_METHOD_MATCH = YES;
				"CODE_SIGN_IDENTITY[sdk=iphoneos*]" = "iPhone Developer";
				COPY_PHASE_STRIP = NO;
				DEBUG_INFORMATION_FORMAT = "dwarf-with-dsym";
				ENABLE_NS_ASSERTIONS = NO;
				ENABLE_STRICT_OBJC_MSGSEND = YES;
				GCC_C_LANGUAGE_STANDARD = gnu99;
				GCC_NO_COMMON_BLOCKS = YES;
				GCC_WARN_64_TO_32_BIT_CONVERSION = YES;
				GCC_WARN_ABOUT_RETURN_TYPE = YES_ERROR;
				GCC_WARN_UNDECLARED_SELECTOR = YES;
				GCC_WARN_UNINITIALIZED_AUTOS = YES_AGGRESSIVE;
				GCC_WARN_UNUSED_FUNCTION = YES;
				GCC_WARN_UNUSED_VARIABLE = YES;
				IPHONEOS_DEPLOYMENT_TARGET = 9.2;
				MTL_ENABLE_DEBUG_INFO = NO;
				SDKROOT = iphoneos;
				TARGETED_DEVICE_FAMILY = "1,2";
				VALIDATE_PRODUCT = YES;
			};
			name = Release;
		};
		A7B527481C90F7B100C3B428 /* Debug */ = {
			isa = XCBuildConfiguration;
			buildSettings = {
				ASSETCATALOG_COMPILER_APPICON_NAME = AppIcon;
				INFOPLIST_FILE = "little-monster-app/Info.plist";
				LD_RUNPATH_SEARCH_PATHS = "$(inherited) @executable_path/Frameworks";
				PRODUCT_BUNDLE_IDENTIFIER = "com.benmakusha.little-monster-app";
				PRODUCT_NAME = "$(TARGET_NAME)";
			};
			name = Debug;
		};
		A7B527491C90F7B100C3B428 /* Release */ = {
			isa = XCBuildConfiguration;
			buildSettings = {
				ASSETCATALOG_COMPILER_APPICON_NAME = AppIcon;
				INFOPLIST_FILE = "little-monster-app/Info.plist";
				LD_RUNPATH_SEARCH_PATHS = "$(inherited) @executable_path/Frameworks";
				PRODUCT_BUNDLE_IDENTIFIER = "com.benmakusha.little-monster-app";
				PRODUCT_NAME = "$(TARGET_NAME)";
			};
			name = Release;
		};
/* End XCBuildConfiguration section */

/* Begin XCConfigurationList section */
		A7B527301C90F7B100C3B428 /* Build configuration list for PBXProject "little-monster-app" */ = {
			isa = XCConfigurationList;
			buildConfigurations = (
				A7B527451C90F7B100C3B428 /* Debug */,
				A7B527461C90F7B100C3B428 /* Release */,
			);
			defaultConfigurationIsVisible = 0;
			defaultConfigurationName = Release;
		};
		A7B527471C90F7B100C3B428 /* Build configuration list for PBXNativeTarget "little-monster-app" */ = {
			isa = XCConfigurationList;
			buildConfigurations = (
				A7B527481C90F7B100C3B428 /* Debug */,
				A7B527491C90F7B100C3B428 /* Release */,
			);
			defaultConfigurationIsVisible = 0;
		};
/* End XCConfigurationList section */
	};
	rootObject = A7B5272D1C90F7B100C3B428 /* Project object */;
}
